
Microsoft Visual Studio Solution File, Format Version 12.00
# Visual Studio Version 16
VisualStudioVersion = 16.0.29509.3
MinimumVisualStudioVersion = 10.0.40219.1
Project("{9A19103F-16F7-4668-BE54-9A1E7A4F7556}") = "AutoFixture.xUnit2.AutoMoq", "AutoFixture.xUnit2.AutoMoq\AutoFixture.xUnit2.AutoMoq.csproj", "{0721A1BC-FA46-47E7-B33F-C75063A3A29C}"
EndProject
Project("{9A19103F-16F7-4668-BE54-9A1E7A4F7556}") = "xUnitWithAutoFixture.Business", "xUnitWithAutoFixture.Business\xUnitWithAutoFixture.Business.csproj", "{DF23CFDC-AE3D-45B4-9F93-37963696A74D}"
EndProject
Project("{9A19103F-16F7-4668-BE54-9A1E7A4F7556}") = "xUnitWithAutoFixture.Common", "xUnitWithAutoFixture.Common\xUnitWithAutoFixture.Common.csproj", "{D4D2DFCC-96D4-4E95-94C1-2C7165E91C39}"
EndProject
Project("{FAE04EC0-301F-11D3-BF4B-00C04F79EFBC}") = "xUnitWithAutoFixture.Business.UnitTests", "xUnitWithAutoFixture.Business.UnitTests\xUnitWithAutoFixture.Business.UnitTests.csproj", "{8CB12CB7-C90C-4936-94AA-BF5E58F02075}"
EndProject
Project("{FAE04EC0-301F-11D3-BF4B-00C04F79EFBC}") = "xUnitWithAutoFixture.Api", "xUnitWithAutoFixture.Api\xUnitWithAutoFixture.Api.csproj", "{0CB0B897-B967-4DFF-AC0D-04882C3D7F80}"
EndProject
Project("{2150E333-8FDC-42A3-9474-1A3956D46DE8}") = "Tests", "Tests", "{D66CBD94-84D2-4F6E-9BA9-D80CC18F0205}"
EndProject
Project("{FAE04EC0-301F-11D3-BF4B-00C04F79EFBC}") = "xUnitWithAutoFixture.Api.UnitTests", "xUnitWithAutoFixture.Api.UnitTests\xUnitWithAutoFixture.Api.UnitTests.csproj", "{AB920145-1BA4-49ED-A9F2-9FFDB9A4D089}"
EndProject
Global
	GlobalSection(SolutionConfigurationPlatforms) = preSolution
		Debug|Any CPU = Debug|Any CPU
		Release|Any CPU = Release|Any CPU
	EndGlobalSection
	GlobalSection(ProjectConfigurationPlatforms) = postSolution
		{0721A1BC-FA46-47E7-B33F-C75063A3A29C}.Debug|Any CPU.ActiveCfg = Debug|Any CPU
		{0721A1BC-FA46-47E7-B33F-C75063A3A29C}.Debug|Any CPU.Build.0 = Debug|Any CPU
		{0721A1BC-FA46-47E7-B33F-C75063A3A29C}.Release|Any CPU.ActiveCfg = Release|Any CPU
		{0721A1BC-FA46-47E7-B33F-C75063A3A29C}.Release|Any CPU.Build.0 = Release|Any CPU
		{DF23CFDC-AE3D-45B4-9F93-37963696A74D}.Debug|Any CPU.ActiveCfg = Debug|Any CPU
		{DF23CFDC-AE3D-45B4-9F93-37963696A74D}.Debug|Any CPU.Build.0 = Debug|Any CPU
		{DF23CFDC-AE3D-45B4-9F93-37963696A74D}.Release|Any CPU.ActiveCfg = Release|Any CPU
		{DF23CFDC-AE3D-45B4-9F93-37963696A74D}.Release|Any CPU.Build.0 = Release|Any CPU
		{D4D2DFCC-96D4-4E95-94C1-2C7165E91C39}.Debug|Any CPU.ActiveCfg = Debug|Any CPU
		{D4D2DFCC-96D4-4E95-94C1-2C7165E91C39}.Debug|Any CPU.Build.0 = Debug|Any CPU
		{D4D2DFCC-96D4-4E95-94C1-2C7165E91C39}.Release|Any CPU.ActiveCfg = Release|Any CPU
		{D4D2DFCC-96D4-4E95-94C1-2C7165E91C39}.Release|Any CPU.Build.0 = Release|Any CPU
		{8CB12CB7-C90C-4936-94AA-BF5E58F02075}.Debug|Any CPU.ActiveCfg = Debug|Any CPU
		{8CB12CB7-C90C-4936-94AA-BF5E58F02075}.Debug|Any CPU.Build.0 = Debug|Any CPU
		{8CB12CB7-C90C-4936-94AA-BF5E58F02075}.Release|Any CPU.ActiveCfg = Release|Any CPU
		{8CB12CB7-C90C-4936-94AA-BF5E58F02075}.Release|Any CPU.Build.0 = Release|Any CPU
		{0CB0B897-B967-4DFF-AC0D-04882C3D7F80}.Debug|Any CPU.ActiveCfg = Debug|Any CPU
		{0CB0B897-B967-4DFF-AC0D-04882C3D7F80}.Debug|Any CPU.Build.0 = Debug|Any CPU
		{0CB0B897-B967-4DFF-AC0D-04882C3D7F80}.Release|Any CPU.ActiveCfg = Release|Any CPU
		{0CB0B897-B967-4DFF-AC0D-04882C3D7F80}.Release|Any CPU.Build.0 = Release|Any CPU
		{AB920145-1BA4-49ED-A9F2-9FFDB9A4D089}.Debug|Any CPU.ActiveCfg = Debug|Any CPU
		{AB920145-1BA4-49ED-A9F2-9FFDB9A4D089}.Debug|Any CPU.Build.0 = Debug|Any CPU
		{AB920145-1BA4-49ED-A9F2-9FFDB9A4D089}.Release|Any CPU.ActiveCfg = Release|Any CPU
		{AB920145-1BA4-49ED-A9F2-9FFDB9A4D089}.Release|Any CPU.Build.0 = Release|Any CPU
	EndGlobalSection
	GlobalSection(SolutionProperties) = preSolution
		HideSolutionNode = FALSE
	EndGlobalSection
	GlobalSection(NestedProjects) = preSolution
		{8CB12CB7-C90C-4936-94AA-BF5E58F02075} = {D66CBD94-84D2-4F6E-9BA9-D80CC18F0205}
		{AB920145-1BA4-49ED-A9F2-9FFDB9A4D089} = {D66CBD94-84D2-4F6E-9BA9-D80CC18F0205}
	EndGlobalSection
	GlobalSection(ExtensibilityGlobals) = postSolution
		SolutionGuid = {5F808F76-2CE2-4EC0-80F0-70BCB6CB3405}
	EndGlobalSection
EndGlobal
